{
  "version": 4,
  "terraform_version": "0.15.4",
  "serial": 140,
  "lineage": "297521fa-d337-87dc-44be-74e565a4154c",
  "outputs": {},
  "resources": [
    {
      "module": "module.resource_group",
      "mode": "data",
      "type": "ibm_resource_group",
      "name": "resource_group",
      "provider": "module.resource_group.provider[\"registry.terraform.io/ibm-cloud/ibm\"]",
      "instances": [
        {
          "schema_version": 0,
          "attributes": {
            "id": "b169865274a34867a6838ac6823ae504",
            "is_default": null,
            "name": "slz-rg"
          },
          "sensitive_attributes": []
        }
      ]
    },
    {
      "module": "module.subnets",
      "mode": "data",
      "type": "ibm_is_vpc",
      "name": "vpc",
      "provider": "module.subnets.provider[\"registry.terraform.io/ibm-cloud/ibm\"]",
      "instances": [
        {
          "schema_version": 0,
          "attributes": {
            "classic_access": false,
            "crn": "crn:v1:bluemix:public:is:au-syd:a/ad5d072102214f4395eab22f03bbb2f9::vpc:r026-d15c7588-e54d-48b0-85f3-313e47b1419c",
            "cse_source_addresses": [
              {
                "address": "10.223.237.75",
                "zone_name": "au-syd-1"
              },
              {
                "address": "10.223.242.215",
                "zone_name": "au-syd-2"
              },
              {
                "address": "10.12.0.145",
                "zone_name": "au-syd-3"
              }
            ],
            "default_network_acl": "r026-6d1b424a-bef5-4b2e-93b3-478cf4034ab5",
            "default_network_acl_name": "slz-rg-vpc-default",
            "default_routing_table": "r026-89986068-dc88-4a26-85fd-6a7502108fd5",
            "default_routing_table_name": "slz-rg-vpc-default",
            "default_security_group": "r026-d654e073-71c5-4165-8086-a1486b565a25",
            "default_security_group_name": "slz-rg-vpc-default",
            "id": "r026-d15c7588-e54d-48b0-85f3-313e47b1419c",
            "name": "slz-rg-vpc",
            "resource_controller_url": "https://cloud.ibm.com/vpc-ext/network/vpcs",
            "resource_crn": "crn:v1:bluemix:public:is:au-syd:a/ad5d072102214f4395eab22f03bbb2f9::vpc:r026-d15c7588-e54d-48b0-85f3-313e47b1419c",
            "resource_group": "b169865274a34867a6838ac6823ae504",
            "resource_group_name": "slz-rg",
            "resource_name": "slz-rg-vpc",
            "resource_status": "available",
            "security_group": [
              {
                "group_id": "r026-d654e073-71c5-4165-8086-a1486b565a25",
                "group_name": "slz-rg-vpc-default",
                "rules": [
                  {
                    "code": 0,
                    "direction": "outbound",
                    "ip_version": "ipv4",
                    "port_max": 0,
                    "port_min": 0,
                    "protocol": "all",
                    "remote": "0.0.0.0/0",
                    "rule_id": "r026-4581f2cf-176a-40d7-a552-bcd015682fe9",
                    "type": 0
                  },
                  {
                    "code": 0,
                    "direction": "inbound",
                    "ip_version": "ipv4",
                    "port_max": 0,
                    "port_min": 0,
                    "protocol": "all",
                    "remote": "r026-d654e073-71c5-4165-8086-a1486b565a25",
                    "rule_id": "r026-506de144-aa01-4f44-946d-2631a96d8526",
                    "type": 0
                  }
                ]
              }
            ],
            "status": "available",
            "subnets": [],
            "tags": []
          },
          "sensitive_attributes": []
        }
      ]
    },
    {
      "module": "module.subnets",
      "mode": "managed",
      "type": "ibm_is_network_acl",
      "name": "subnet_acl",
      "provider": "module.subnets.provider[\"registry.terraform.io/ibm-cloud/ibm\"]",
      "instances": [
        {
          "index_key": 0,
          "schema_version": 0,
          "attributes": {
            "crn": "crn:v1:bluemix:public:is:au-syd:a/ad5d072102214f4395eab22f03bbb2f9::network-acl:r026-f7747131-8780-45c5-b39b-af0d4b9643a1",
            "id": "r026-f7747131-8780-45c5-b39b-af0d4b9643a1",
            "name": "slz-rg-vpc-subnet-vpn",
            "resource_controller_url": "https://cloud.ibm.com/vpc-ext/network/acl",
            "resource_crn": null,
            "resource_group": "b169865274a34867a6838ac6823ae504",
            "resource_group_name": "slz-rg",
            "resource_name": "slz-rg-vpc-subnet-vpn",
            "rules": [
              {
                "action": "allow",
                "destination": "10.0.0.0/8",
                "direction": "inbound",
                "icmp": [],
                "id": "a198ecf8-a710-4674-b2d6-e882ad17d233",
                "ip_version": "ipv4",
                "name": "ingress-http",
                "source": "0.0.0.0/0",
                "subnets": 0,
                "tcp": [
                  {
                    "port_max": 80,
                    "port_min": 80,
                    "source_port_max": 80,
                    "source_port_min": 80
                  }
                ],
                "udp": []
              },
              {
                "action": "allow",
                "destination": "10.0.0.0/8",
                "direction": "inbound",
                "icmp": [],
                "id": "db002c50-b5d2-49e9-8e46-8f7a656e2fd6",
                "ip_version": "ipv4",
                "name": "ingress-https",
                "source": "0.0.0.0/0",
                "subnets": 0,
                "tcp": [
                  {
                    "port_max": 443,
                    "port_min": 443,
                    "source_port_max": 443,
                    "source_port_min": 443
                  }
                ],
                "udp": []
              },
              {
                "action": "allow",
                "destination": "10.0.0.0/8",
                "direction": "inbound",
                "icmp": [],
                "id": "28fbb2db-1e79-4b5c-a200-6c253d4db018",
                "ip_version": "ipv4",
                "name": "ingress-dns",
                "source": "0.0.0.0/0",
                "subnets": 0,
                "tcp": [
                  {
                    "port_max": 53,
                    "port_min": 53,
                    "source_port_max": 53,
                    "source_port_min": 53
                  }
                ],
                "udp": []
              },
              {
                "action": "allow",
                "destination": "10.0.0.0/8",
                "direction": "inbound",
                "icmp": [],
                "id": "dab8dd87-eab8-4d73-85a7-5d3fb21532f6",
                "ip_version": "ipv4",
                "name": "ingress-internal",
                "source": "10.0.0.0/8",
                "subnets": 0,
                "tcp": [],
                "udp": []
              },
              {
                "action": "allow",
                "destination": "0.0.0.0/0",
                "direction": "outbound",
                "icmp": [],
                "id": "4b5d0e9a-f0aa-4b8a-bad9-33ecabf814db",
                "ip_version": "ipv4",
                "name": "egress-http",
                "source": "10.0.0.0/8",
                "subnets": 0,
                "tcp": [
                  {
                    "port_max": 80,
                    "port_min": 80,
                    "source_port_max": 80,
                    "source_port_min": 80
                  }
                ],
                "udp": []
              },
              {
                "action": "allow",
                "destination": "0.0.0.0/0",
                "direction": "outbound",
                "icmp": [],
                "id": "31f7fc85-9c7a-47c1-95fb-c4238f964d37",
                "ip_version": "ipv4",
                "name": "egress-https",
                "source": "10.0.0.0/8",
                "subnets": 0,
                "tcp": [
                  {
                    "port_max": 443,
                    "port_min": 443,
                    "source_port_max": 443,
                    "source_port_min": 443
                  }
                ],
                "udp": []
              },
              {
                "action": "allow",
                "destination": "0.0.0.0/0",
                "direction": "outbound",
                "icmp": [],
                "id": "d37ddc68-6ed8-46dc-9ae1-5e7cfead89bf",
                "ip_version": "ipv4",
                "name": "egress-dns",
                "source": "10.0.0.0/8",
                "subnets": 0,
                "tcp": [
                  {
                    "port_max": 53,
                    "port_min": 53,
                    "source_port_max": 53,
                    "source_port_min": 53
                  }
                ],
                "udp": []
              },
              {
                "action": "allow",
                "destination": "10.0.0.0/8",
                "direction": "outbound",
                "icmp": [],
                "id": "7f9f0651-3b50-4df1-85b9-3c49d022c11e",
                "ip_version": "ipv4",
                "name": "egress-internal",
                "source": "10.0.0.0/8",
                "subnets": 0,
                "tcp": [],
                "udp": []
              }
            ],
            "tags": [],
            "timeouts": null,
            "vpc": "r026-d15c7588-e54d-48b0-85f3-313e47b1419c"
          },
          "sensitive_attributes": [],
          "private": "eyJlMmJmYjczMC1lY2FhLTExZTYtOGY4OC0zNDM2M2JjN2M0YzAiOnsiY3JlYXRlIjo2MDAwMDAwMDAwMDAsImRlbGV0ZSI6NjAwMDAwMDAwMDAwfX0=",
          "dependencies": [
            "module.resource_group.data.ibm_resource_group.resource_group",
            "module.resource_group.ibm_resource_group.resource_group",
            "module.subnets.data.ibm_is_vpc.vpc",
            "module.subnets.null_resource.print_names",
            "module.vpc.ibm_is_vpc.vpc",
            "module.vpc.ibm_is_vpc_address_prefix.cidr_prefix"
          ]
        }
      ]
    },
    {
      "module": "module.subnets",
      "mode": "managed",
      "type": "ibm_is_subnet",
      "name": "vpc_subnets",
      "provider": "module.subnets.provider[\"registry.terraform.io/ibm-cloud/ibm\"]",
      "instances": [
        {
          "index_key": 0,
          "schema_version": 0,
          "attributes": {
            "available_ipv4_address_count": 251,
            "crn": "crn:v1:bluemix:public:is:au-syd-1:a/ad5d072102214f4395eab22f03bbb2f9::subnet:02h7-df7332d9-1d77-48b3-9255-bf60bd218ad9",
            "id": "02h7-df7332d9-1d77-48b3-9255-bf60bd218ad9",
            "ip_version": "ipv4",
            "ipv4_cidr_block": "10.245.0.0/24",
            "ipv6_cidr_block": null,
            "name": "slz-rg-vpc-subnet-vpn00",
            "network_acl": "r026-f7747131-8780-45c5-b39b-af0d4b9643a1",
            "public_gateway": "",
            "resource_controller_url": "https://cloud.ibm.com/vpc-ext/network/subnets",
            "resource_crn": "crn:v1:bluemix:public:is:au-syd-1:a/ad5d072102214f4395eab22f03bbb2f9::subnet:02h7-df7332d9-1d77-48b3-9255-bf60bd218ad9",
            "resource_group": "b169865274a34867a6838ac6823ae504",
            "resource_group_name": "slz-rg",
            "resource_name": "slz-rg-vpc-subnet-vpn00",
            "resource_status": "available",
            "routing_table": "r026-89986068-dc88-4a26-85fd-6a7502108fd5",
            "status": "available",
            "tags": [],
            "timeouts": null,
            "total_ipv4_address_count": 256,
            "vpc": "r026-d15c7588-e54d-48b0-85f3-313e47b1419c",
            "zone": "au-syd-1"
          },
          "sensitive_attributes": [],
          "private": "eyJlMmJmYjczMC1lY2FhLTExZTYtOGY4OC0zNDM2M2JjN2M0YzAiOnsiY3JlYXRlIjo2MDAwMDAwMDAwMDAsImRlbGV0ZSI6NjAwMDAwMDAwMDAwLCJ1cGRhdGUiOjYwMDAwMDAwMDAwMH19",
          "dependencies": [
            "module.resource_group.data.ibm_resource_group.resource_group",
            "module.resource_group.ibm_resource_group.resource_group",
            "module.subnets.data.ibm_is_vpc.vpc",
            "module.subnets.ibm_is_network_acl.subnet_acl",
            "module.subnets.null_resource.print_names",
            "module.vpc.ibm_is_vpc.vpc",
            "module.vpc.ibm_is_vpc_address_prefix.cidr_prefix"
          ]
        },
        {
          "index_key": 1,
          "schema_version": 0,
          "attributes": {
            "available_ipv4_address_count": 251,
            "crn": "crn:v1:bluemix:public:is:au-syd-2:a/ad5d072102214f4395eab22f03bbb2f9::subnet:02i7-72993021-f9a3-476f-ba04-ba469a6f4663",
            "id": "02i7-72993021-f9a3-476f-ba04-ba469a6f4663",
            "ip_version": "ipv4",
            "ipv4_cidr_block": "10.245.64.0/24",
            "ipv6_cidr_block": null,
            "name": "slz-rg-vpc-subnet-vpn01",
            "network_acl": "r026-f7747131-8780-45c5-b39b-af0d4b9643a1",
            "public_gateway": "",
            "resource_controller_url": "https://cloud.ibm.com/vpc-ext/network/subnets",
            "resource_crn": "crn:v1:bluemix:public:is:au-syd-2:a/ad5d072102214f4395eab22f03bbb2f9::subnet:02i7-72993021-f9a3-476f-ba04-ba469a6f4663",
            "resource_group": "b169865274a34867a6838ac6823ae504",
            "resource_group_name": "slz-rg",
            "resource_name": "slz-rg-vpc-subnet-vpn01",
            "resource_status": "available",
            "routing_table": "r026-89986068-dc88-4a26-85fd-6a7502108fd5",
            "status": "available",
            "tags": [],
            "timeouts": null,
            "total_ipv4_address_count": 256,
            "vpc": "r026-d15c7588-e54d-48b0-85f3-313e47b1419c",
            "zone": "au-syd-2"
          },
          "sensitive_attributes": [],
          "private": "eyJlMmJmYjczMC1lY2FhLTExZTYtOGY4OC0zNDM2M2JjN2M0YzAiOnsiY3JlYXRlIjo2MDAwMDAwMDAwMDAsImRlbGV0ZSI6NjAwMDAwMDAwMDAwLCJ1cGRhdGUiOjYwMDAwMDAwMDAwMH19",
          "dependencies": [
            "module.resource_group.data.ibm_resource_group.resource_group",
            "module.resource_group.ibm_resource_group.resource_group",
            "module.subnets.data.ibm_is_vpc.vpc",
            "module.subnets.ibm_is_network_acl.subnet_acl",
            "module.subnets.null_resource.print_names",
            "module.vpc.ibm_is_vpc.vpc",
            "module.vpc.ibm_is_vpc_address_prefix.cidr_prefix"
          ]
        }
      ]
    },
    {
      "module": "module.subnets",
      "mode": "managed",
      "type": "null_resource",
      "name": "print_names",
      "provider": "provider[\"registry.terraform.io/hashicorp/null\"]",
      "instances": [
        {
          "schema_version": 0,
          "attributes": {
            "id": "585794312656867697",
            "triggers": null
          },
          "sensitive_attributes": [],
          "private": "bnVsbA==",
          "dependencies": [
            "module.resource_group.data.ibm_resource_group.resource_group",
            "module.resource_group.ibm_resource_group.resource_group",
            "module.vpc.ibm_is_vpc.vpc",
            "module.vpc.ibm_is_vpc_address_prefix.cidr_prefix"
          ]
        }
      ]
    },
    {
      "module": "module.subnets",
      "mode": "managed",
      "type": "null_resource",
      "name": "print_subnet_names",
      "provider": "provider[\"registry.terraform.io/hashicorp/null\"]",
      "instances": [
        {
          "index_key": "slz-rg-vpc-subnet-vpn00",
          "schema_version": 0,
          "attributes": {
            "id": "1899680862161161509",
            "triggers": null
          },
          "sensitive_attributes": [],
          "private": "bnVsbA==",
          "dependencies": [
            "module.resource_group.data.ibm_resource_group.resource_group",
            "module.resource_group.ibm_resource_group.resource_group",
            "module.subnets.data.ibm_is_vpc.vpc",
            "module.subnets.ibm_is_network_acl.subnet_acl",
            "module.subnets.ibm_is_subnet.vpc_subnets",
            "module.subnets.null_resource.print_names",
            "module.vpc.ibm_is_vpc.vpc",
            "module.vpc.ibm_is_vpc_address_prefix.cidr_prefix"
          ]
        },
        {
          "index_key": "slz-rg-vpc-subnet-vpn01",
          "schema_version": 0,
          "attributes": {
            "id": "5722986602393139608",
            "triggers": null
          },
          "sensitive_attributes": [],
          "private": "bnVsbA==",
          "dependencies": [
            "module.resource_group.data.ibm_resource_group.resource_group",
            "module.resource_group.ibm_resource_group.resource_group",
            "module.subnets.data.ibm_is_vpc.vpc",
            "module.subnets.ibm_is_network_acl.subnet_acl",
            "module.subnets.ibm_is_subnet.vpc_subnets",
            "module.subnets.null_resource.print_names",
            "module.vpc.ibm_is_vpc.vpc",
            "module.vpc.ibm_is_vpc_address_prefix.cidr_prefix"
          ]
        }
      ]
    },
    {
      "module": "module.vpc",
      "mode": "data",
      "type": "ibm_is_security_group",
      "name": "base",
      "provider": "module.vpc.provider[\"registry.terraform.io/ibm-cloud/ibm\"]",
      "instances": [
        {
          "schema_version": 0,
          "attributes": {
            "crn": "crn:v1:bluemix:public:is:au-syd:a/ad5d072102214f4395eab22f03bbb2f9::security-group:r026-31ebaeec-c391-4af7-b1c6-1b04c76c8a9a",
            "id": "r026-31ebaeec-c391-4af7-b1c6-1b04c76c8a9a",
            "name": "slz-rg-vpc-base",
            "resource_controller_url": "https://cloud.ibm.com/vpc/network/securityGroups",
            "resource_crn": "crn:v1:bluemix:public:is:au-syd:a/ad5d072102214f4395eab22f03bbb2f9::security-group:r026-31ebaeec-c391-4af7-b1c6-1b04c76c8a9a",
            "resource_group_name": "slz-rg",
            "resource_name": "slz-rg-vpc-base",
            "rules": [],
            "tags": [],
            "vpc": "r026-d15c7588-e54d-48b0-85f3-313e47b1419c"
          },
          "sensitive_attributes": []
        }
      ]
    },
    {
      "module": "module.vpc",
      "mode": "data",
      "type": "ibm_is_vpc",
      "name": "vpc",
      "provider": "module.vpc.provider[\"registry.terraform.io/ibm-cloud/ibm\"]",
      "instances": [
        {
          "schema_version": 0,
          "attributes": {
            "classic_access": false,
            "crn": "crn:v1:bluemix:public:is:au-syd:a/ad5d072102214f4395eab22f03bbb2f9::vpc:r026-d15c7588-e54d-48b0-85f3-313e47b1419c",
            "cse_source_addresses": [
              {
                "address": "10.223.237.75",
                "zone_name": "au-syd-1"
              },
              {
                "address": "10.223.242.215",
                "zone_name": "au-syd-2"
              },
              {
                "address": "10.12.0.145",
                "zone_name": "au-syd-3"
              }
            ],
            "default_network_acl": "r026-6d1b424a-bef5-4b2e-93b3-478cf4034ab5",
            "default_network_acl_name": "slz-rg-vpc-default",
            "default_routing_table": "r026-89986068-dc88-4a26-85fd-6a7502108fd5",
            "default_routing_table_name": "slz-rg-vpc-default",
            "default_security_group": "r026-d654e073-71c5-4165-8086-a1486b565a25",
            "default_security_group_name": "slz-rg-vpc-default",
            "id": "r026-d15c7588-e54d-48b0-85f3-313e47b1419c",
            "name": "slz-rg-vpc",
            "resource_controller_url": "https://cloud.ibm.com/vpc-ext/network/vpcs",
            "resource_crn": "crn:v1:bluemix:public:is:au-syd:a/ad5d072102214f4395eab22f03bbb2f9::vpc:r026-d15c7588-e54d-48b0-85f3-313e47b1419c",
            "resource_group": "b169865274a34867a6838ac6823ae504",
            "resource_group_name": "slz-rg",
            "resource_name": "slz-rg-vpc",
            "resource_status": "available",
            "security_group": [
              {
                "group_id": "r026-d654e073-71c5-4165-8086-a1486b565a25",
                "group_name": "slz-rg-vpc-default",
                "rules": [
                  {
                    "code": 0,
                    "direction": "outbound",
                    "ip_version": "ipv4",
                    "port_max": 0,
                    "port_min": 0,
                    "protocol": "all",
                    "remote": "0.0.0.0/0",
                    "rule_id": "r026-4581f2cf-176a-40d7-a552-bcd015682fe9",
                    "type": 0
                  },
                  {
                    "code": 0,
                    "direction": "inbound",
                    "ip_version": "ipv4",
                    "port_max": 0,
                    "port_min": 0,
                    "protocol": "all",
                    "remote": "r026-d654e073-71c5-4165-8086-a1486b565a25",
                    "rule_id": "r026-506de144-aa01-4f44-946d-2631a96d8526",
                    "type": 0
                  }
                ]
              }
            ],
            "status": "available",
            "subnets": [],
            "tags": []
          },
          "sensitive_attributes": []
        }
      ]
    },
    {
      "module": "module.vpc",
      "mode": "managed",
      "type": "ibm_is_security_group",
      "name": "base",
      "provider": "module.vpc.provider[\"registry.terraform.io/ibm-cloud/ibm\"]",
      "instances": [
        {
          "index_key": 0,
          "schema_version": 0,
          "attributes": {
            "crn": "crn:v1:bluemix:public:is:au-syd:a/ad5d072102214f4395eab22f03bbb2f9::security-group:r026-31ebaeec-c391-4af7-b1c6-1b04c76c8a9a",
            "id": "r026-31ebaeec-c391-4af7-b1c6-1b04c76c8a9a",
            "name": "slz-rg-vpc-base",
            "resource_controller_url": "https://cloud.ibm.com/vpc-ext/network/securityGroups",
            "resource_crn": "crn:v1:bluemix:public:is:au-syd:a/ad5d072102214f4395eab22f03bbb2f9::security-group:r026-31ebaeec-c391-4af7-b1c6-1b04c76c8a9a",
            "resource_group": "b169865274a34867a6838ac6823ae504",
            "resource_group_name": "slz-rg",
            "resource_name": "slz-rg-vpc-base",
            "rules": [],
            "tags": [],
            "vpc": "r026-d15c7588-e54d-48b0-85f3-313e47b1419c"
          },
          "sensitive_attributes": [],
          "private": "bnVsbA==",
          "dependencies": [
            "module.resource_group.data.ibm_resource_group.resource_group",
            "module.resource_group.ibm_resource_group.resource_group",
            "module.vpc.data.ibm_is_vpc.vpc",
            "module.vpc.ibm_is_vpc.vpc"
          ]
        }
      ]
    },
    {
      "module": "module.vpc",
      "mode": "managed",
      "type": "ibm_is_security_group_rule",
      "name": "cse_dns_1",
      "provider": "module.vpc.provider[\"registry.terraform.io/ibm-cloud/ibm\"]",
      "instances": [
        {
          "index_key": 0,
          "schema_version": 0,
          "attributes": {
            "direction": "outbound",
            "group": "r026-d654e073-71c5-4165-8086-a1486b565a25",
            "icmp": [],
            "id": "r026-d654e073-71c5-4165-8086-a1486b565a25.r026-31b55242-209e-492b-9af1-278c07bc962e",
            "ip_version": "ipv4",
            "protocol": null,
            "related_crn": null,
            "remote": "161.26.0.10",
            "rule_id": "r026-31b55242-209e-492b-9af1-278c07bc962e",
            "tcp": [],
            "udp": [
              {
                "port_max": 53,
                "port_min": 53
              }
            ]
          },
          "sensitive_attributes": [],
          "private": "bnVsbA==",
          "dependencies": [
            "module.resource_group.data.ibm_resource_group.resource_group",
            "module.resource_group.ibm_resource_group.resource_group",
            "module.vpc.data.ibm_is_security_group.base",
            "module.vpc.data.ibm_is_vpc.vpc",
            "module.vpc.ibm_is_security_group.base",
            "module.vpc.ibm_is_vpc.vpc"
          ]
        },
        {
          "index_key": 1,
          "schema_version": 0,
          "attributes": {
            "direction": "outbound",
            "group": "r026-31ebaeec-c391-4af7-b1c6-1b04c76c8a9a",
            "icmp": [],
            "id": "r026-31ebaeec-c391-4af7-b1c6-1b04c76c8a9a.r026-a040d3c4-9f1d-4cde-9b74-00daa2193649",
            "ip_version": "ipv4",
            "protocol": null,
            "related_crn": null,
            "remote": "161.26.0.10",
            "rule_id": "r026-a040d3c4-9f1d-4cde-9b74-00daa2193649",
            "tcp": [],
            "udp": [
              {
                "port_max": 53,
                "port_min": 53
              }
            ]
          },
          "sensitive_attributes": [],
          "private": "bnVsbA==",
          "dependencies": [
            "module.resource_group.data.ibm_resource_group.resource_group",
            "module.resource_group.ibm_resource_group.resource_group",
            "module.vpc.data.ibm_is_security_group.base",
            "module.vpc.data.ibm_is_vpc.vpc",
            "module.vpc.ibm_is_security_group.base",
            "module.vpc.ibm_is_vpc.vpc"
          ]
        }
      ]
    },
    {
      "module": "module.vpc",
      "mode": "managed",
      "type": "ibm_is_security_group_rule",
      "name": "cse_dns_2",
      "provider": "module.vpc.provider[\"registry.terraform.io/ibm-cloud/ibm\"]",
      "instances": [
        {
          "index_key": 0,
          "schema_version": 0,
          "attributes": {
            "direction": "outbound",
            "group": "r026-d654e073-71c5-4165-8086-a1486b565a25",
            "icmp": [],
            "id": "r026-d654e073-71c5-4165-8086-a1486b565a25.r026-72a75208-b509-43b8-985c-49076aa57c2f",
            "ip_version": "ipv4",
            "protocol": null,
            "related_crn": null,
            "remote": "161.26.0.11",
            "rule_id": "r026-72a75208-b509-43b8-985c-49076aa57c2f",
            "tcp": [],
            "udp": [
              {
                "port_max": 53,
                "port_min": 53
              }
            ]
          },
          "sensitive_attributes": [],
          "private": "bnVsbA==",
          "dependencies": [
            "module.resource_group.data.ibm_resource_group.resource_group",
            "module.resource_group.ibm_resource_group.resource_group",
            "module.vpc.data.ibm_is_security_group.base",
            "module.vpc.data.ibm_is_vpc.vpc",
            "module.vpc.ibm_is_security_group.base",
            "module.vpc.ibm_is_vpc.vpc"
          ]
        },
        {
          "index_key": 1,
          "schema_version": 0,
          "attributes": {
            "direction": "outbound",
            "group": "r026-31ebaeec-c391-4af7-b1c6-1b04c76c8a9a",
            "icmp": [],
            "id": "r026-31ebaeec-c391-4af7-b1c6-1b04c76c8a9a.r026-d6deb2ba-1ea8-49ca-85b2-cd9f072f7fdd",
            "ip_version": "ipv4",
            "protocol": null,
            "related_crn": null,
            "remote": "161.26.0.11",
            "rule_id": "r026-d6deb2ba-1ea8-49ca-85b2-cd9f072f7fdd",
            "tcp": [],
            "udp": [
              {
                "port_max": 53,
                "port_min": 53
              }
            ]
          },
          "sensitive_attributes": [],
          "private": "bnVsbA==",
          "dependencies": [
            "module.resource_group.data.ibm_resource_group.resource_group",
            "module.resource_group.ibm_resource_group.resource_group",
            "module.vpc.data.ibm_is_security_group.base",
            "module.vpc.data.ibm_is_vpc.vpc",
            "module.vpc.ibm_is_security_group.base",
            "module.vpc.ibm_is_vpc.vpc"
          ]
        }
      ]
    },
    {
      "module": "module.vpc",
      "mode": "managed",
      "type": "ibm_is_security_group_rule",
      "name": "default_inbound_http",
      "provider": "module.vpc.provider[\"registry.terraform.io/ibm-cloud/ibm\"]",
      "instances": [
        {
          "schema_version": 0,
          "attributes": {
            "direction": "inbound",
            "group": "r026-d654e073-71c5-4165-8086-a1486b565a25",
            "icmp": [],
            "id": "r026-d654e073-71c5-4165-8086-a1486b565a25.r026-9e93fed4-ef58-41ba-8f3f-e1103405a81b",
            "ip_version": "ipv4",
            "protocol": null,
            "related_crn": null,
            "remote": "0.0.0.0/0",
            "rule_id": "r026-9e93fed4-ef58-41ba-8f3f-e1103405a81b",
            "tcp": [
              {
                "port_max": 80,
                "port_min": 80
              }
            ],
            "udp": []
          },
          "sensitive_attributes": [],
          "private": "bnVsbA==",
          "dependencies": [
            "module.resource_group.data.ibm_resource_group.resource_group",
            "module.resource_group.ibm_resource_group.resource_group",
            "module.vpc.data.ibm_is_vpc.vpc",
            "module.vpc.ibm_is_vpc.vpc"
          ]
        }
      ]
    },
    {
      "module": "module.vpc",
      "mode": "managed",
      "type": "ibm_is_security_group_rule",
      "name": "default_inbound_ping",
      "provider": "module.vpc.provider[\"registry.terraform.io/ibm-cloud/ibm\"]",
      "instances": [
        {
          "schema_version": 0,
          "attributes": {
            "direction": "inbound",
            "group": "r026-d654e073-71c5-4165-8086-a1486b565a25",
            "icmp": [
              {
                "code": 0,
                "type": 8
              }
            ],
            "id": "r026-d654e073-71c5-4165-8086-a1486b565a25.r026-3b608987-88c7-4634-8a8b-41b7ec2b465d",
            "ip_version": "ipv4",
            "protocol": null,
            "related_crn": null,
            "remote": "0.0.0.0/0",
            "rule_id": "r026-3b608987-88c7-4634-8a8b-41b7ec2b465d",
            "tcp": [],
            "udp": []
          },
          "sensitive_attributes": [],
          "private": "bnVsbA==",
          "dependencies": [
            "module.resource_group.data.ibm_resource_group.resource_group",
            "module.resource_group.ibm_resource_group.resource_group",
            "module.vpc.data.ibm_is_vpc.vpc",
            "module.vpc.ibm_is_vpc.vpc"
          ]
        }
      ]
    },
    {
      "module": "module.vpc",
      "mode": "managed",
      "type": "ibm_is_security_group_rule",
      "name": "private_dns_1",
      "provider": "module.vpc.provider[\"registry.terraform.io/ibm-cloud/ibm\"]",
      "instances": [
        {
          "index_key": 0,
          "schema_version": 0,
          "attributes": {
            "direction": "outbound",
            "group": "r026-d654e073-71c5-4165-8086-a1486b565a25",
            "icmp": [],
            "id": "r026-d654e073-71c5-4165-8086-a1486b565a25.r026-90294c1b-93c2-423e-a77d-ff8954fdd975",
            "ip_version": "ipv4",
            "protocol": null,
            "related_crn": null,
            "remote": "161.26.0.7",
            "rule_id": "r026-90294c1b-93c2-423e-a77d-ff8954fdd975",
            "tcp": [],
            "udp": [
              {
                "port_max": 53,
                "port_min": 53
              }
            ]
          },
          "sensitive_attributes": [],
          "private": "bnVsbA==",
          "dependencies": [
            "module.resource_group.data.ibm_resource_group.resource_group",
            "module.resource_group.ibm_resource_group.resource_group",
            "module.vpc.data.ibm_is_security_group.base",
            "module.vpc.data.ibm_is_vpc.vpc",
            "module.vpc.ibm_is_security_group.base",
            "module.vpc.ibm_is_vpc.vpc"
          ]
        },
        {
          "index_key": 1,
          "schema_version": 0,
          "attributes": {
            "direction": "outbound",
            "group": "r026-31ebaeec-c391-4af7-b1c6-1b04c76c8a9a",
            "icmp": [],
            "id": "r026-31ebaeec-c391-4af7-b1c6-1b04c76c8a9a.r026-11e10de9-d427-4e8e-9abd-21e370f7d5a4",
            "ip_version": "ipv4",
            "protocol": null,
            "related_crn": null,
            "remote": "161.26.0.7",
            "rule_id": "r026-11e10de9-d427-4e8e-9abd-21e370f7d5a4",
            "tcp": [],
            "udp": [
              {
                "port_max": 53,
                "port_min": 53
              }
            ]
          },
          "sensitive_attributes": [],
          "private": "bnVsbA==",
          "dependencies": [
            "module.resource_group.data.ibm_resource_group.resource_group",
            "module.resource_group.ibm_resource_group.resource_group",
            "module.vpc.data.ibm_is_security_group.base",
            "module.vpc.data.ibm_is_vpc.vpc",
            "module.vpc.ibm_is_security_group.base",
            "module.vpc.ibm_is_vpc.vpc"
          ]
        }
      ]
    },
    {
      "module": "module.vpc",
      "mode": "managed",
      "type": "ibm_is_security_group_rule",
      "name": "private_dns_2",
      "provider": "module.vpc.provider[\"registry.terraform.io/ibm-cloud/ibm\"]",
      "instances": [
        {
          "index_key": 0,
          "schema_version": 0,
          "attributes": {
            "direction": "outbound",
            "group": "r026-d654e073-71c5-4165-8086-a1486b565a25",
            "icmp": [],
            "id": "r026-d654e073-71c5-4165-8086-a1486b565a25.r026-686f6725-f7ef-4a82-858f-3d7b6384bb38",
            "ip_version": "ipv4",
            "protocol": null,
            "related_crn": null,
            "remote": "161.26.0.8",
            "rule_id": "r026-686f6725-f7ef-4a82-858f-3d7b6384bb38",
            "tcp": [],
            "udp": [
              {
                "port_max": 53,
                "port_min": 53
              }
            ]
          },
          "sensitive_attributes": [],
          "private": "bnVsbA==",
          "dependencies": [
            "module.resource_group.data.ibm_resource_group.resource_group",
            "module.resource_group.ibm_resource_group.resource_group",
            "module.vpc.data.ibm_is_security_group.base",
            "module.vpc.data.ibm_is_vpc.vpc",
            "module.vpc.ibm_is_security_group.base",
            "module.vpc.ibm_is_vpc.vpc"
          ]
        },
        {
          "index_key": 1,
          "schema_version": 0,
          "attributes": {
            "direction": "outbound",
            "group": "r026-31ebaeec-c391-4af7-b1c6-1b04c76c8a9a",
            "icmp": [],
            "id": "r026-31ebaeec-c391-4af7-b1c6-1b04c76c8a9a.r026-a0144510-f308-403d-9538-05c00dbf16a1",
            "ip_version": "ipv4",
            "protocol": null,
            "related_crn": null,
            "remote": "161.26.0.8",
            "rule_id": "r026-a0144510-f308-403d-9538-05c00dbf16a1",
            "tcp": [],
            "udp": [
              {
                "port_max": 53,
                "port_min": 53
              }
            ]
          },
          "sensitive_attributes": [],
          "private": "bnVsbA==",
          "dependencies": [
            "module.resource_group.data.ibm_resource_group.resource_group",
            "module.resource_group.ibm_resource_group.resource_group",
            "module.vpc.data.ibm_is_security_group.base",
            "module.vpc.data.ibm_is_vpc.vpc",
            "module.vpc.ibm_is_security_group.base",
            "module.vpc.ibm_is_vpc.vpc"
          ]
        }
      ]
    },
    {
      "module": "module.vpc",
      "mode": "managed",
      "type": "ibm_is_vpc",
      "name": "vpc",
      "provider": "module.vpc.provider[\"registry.terraform.io/ibm-cloud/ibm\"]",
      "instances": [
        {
          "index_key": 0,
          "schema_version": 0,
          "attributes": {
            "address_prefix_management": "auto",
            "classic_access": false,
            "crn": "crn:v1:bluemix:public:is:au-syd:a/ad5d072102214f4395eab22f03bbb2f9::vpc:r026-d15c7588-e54d-48b0-85f3-313e47b1419c",
            "cse_source_addresses": [
              {
                "address": "10.223.237.75",
                "zone_name": "au-syd-1"
              },
              {
                "address": "10.223.242.215",
                "zone_name": "au-syd-2"
              },
              {
                "address": "10.12.0.145",
                "zone_name": "au-syd-3"
              }
            ],
            "default_network_acl": "r026-6d1b424a-bef5-4b2e-93b3-478cf4034ab5",
            "default_network_acl_name": "slz-rg-vpc-default",
            "default_routing_table": "r026-89986068-dc88-4a26-85fd-6a7502108fd5",
            "default_routing_table_name": "slz-rg-vpc-default",
            "default_security_group": "r026-d654e073-71c5-4165-8086-a1486b565a25",
            "default_security_group_name": "slz-rg-vpc-default",
            "id": "r026-d15c7588-e54d-48b0-85f3-313e47b1419c",
            "name": "slz-rg-vpc",
            "resource_controller_url": "https://cloud.ibm.com/vpc-ext/network/vpcs",
            "resource_crn": "crn:v1:bluemix:public:is:au-syd:a/ad5d072102214f4395eab22f03bbb2f9::vpc:r026-d15c7588-e54d-48b0-85f3-313e47b1419c",
            "resource_group": "b169865274a34867a6838ac6823ae504",
            "resource_group_name": "slz-rg",
            "resource_name": "slz-rg-vpc",
            "resource_status": "available",
            "security_group": [
              {
                "group_id": "r026-d654e073-71c5-4165-8086-a1486b565a25",
                "group_name": "slz-rg-vpc-default",
                "rules": [
                  {
                    "code": 0,
                    "direction": "outbound",
                    "ip_version": "ipv4",
                    "port_max": 0,
                    "port_min": 0,
                    "protocol": "all",
                    "remote": "0.0.0.0/0",
                    "rule_id": "r026-4581f2cf-176a-40d7-a552-bcd015682fe9",
                    "type": 0
                  },
                  {
                    "code": 0,
                    "direction": "inbound",
                    "ip_version": "ipv4",
                    "port_max": 0,
                    "port_min": 0,
                    "protocol": "all",
                    "remote": "r026-d654e073-71c5-4165-8086-a1486b565a25",
                    "rule_id": "r026-506de144-aa01-4f44-946d-2631a96d8526",
                    "type": 0
                  }
                ]
              }
            ],
            "status": "available",
            "subnets": [],
            "tags": [],
            "timeouts": null
          },
          "sensitive_attributes": [],
          "private": "eyJlMmJmYjczMC1lY2FhLTExZTYtOGY4OC0zNDM2M2JjN2M0YzAiOnsiY3JlYXRlIjo2MDAwMDAwMDAwMDAsImRlbGV0ZSI6NjAwMDAwMDAwMDAwfX0=",
          "dependencies": [
            "module.resource_group.data.ibm_resource_group.resource_group",
            "module.resource_group.ibm_resource_group.resource_group"
          ]
        }
      ]
    },
    {
      "module": "module.vpc",
      "mode": "managed",
      "type": "ibm_is_vpc_address_prefix",
      "name": "cidr_prefix",
      "provider": "module.vpc.provider[\"registry.terraform.io/ibm-cloud/ibm\"]",
      "instances": []
    },
    {
      "module": "module.vpc",
      "mode": "managed",
      "type": "null_resource",
      "name": "print_sg_name",
      "provider": "provider[\"registry.terraform.io/hashicorp/null\"]",
      "instances": [
        {
          "schema_version": 0,
          "attributes": {
            "id": "7282616853285016082",
            "triggers": null
          },
          "sensitive_attributes": [],
          "private": "bnVsbA==",
          "dependencies": [
            "module.resource_group.data.ibm_resource_group.resource_group",
            "module.resource_group.ibm_resource_group.resource_group",
            "module.vpc.data.ibm_is_security_group.base",
            "module.vpc.data.ibm_is_vpc.vpc",
            "module.vpc.ibm_is_security_group.base",
            "module.vpc.ibm_is_vpc.vpc"
          ]
        }
      ]
    },
    {
      "module": "module.vpc",
      "mode": "managed",
      "type": "null_resource",
      "name": "setup_default_acl",
      "provider": "provider[\"registry.terraform.io/hashicorp/null\"]",
      "instances": [
        {
          "index_key": 0,
          "status": "tainted",
          "schema_version": 0,
          "attributes": {
            "id": "343646508188665511",
            "triggers": null
          },
          "sensitive_attributes": [],
          "private": "bnVsbA==",
          "dependencies": [
            "module.resource_group.data.ibm_resource_group.resource_group",
            "module.resource_group.ibm_resource_group.resource_group",
            "module.vpc.data.ibm_is_vpc.vpc",
            "module.vpc.ibm_is_vpc.vpc"
          ]
        }
      ]
    },
    {
      "module": "module.vpn-gateways",
      "mode": "managed",
      "type": "ibm_is_vpn_gateway",
      "name": "gateway",
      "provider": "module.vpn-gateways.provider[\"registry.terraform.io/ibm-cloud/ibm\"]",
      "instances": [
        {
          "index_key": 1,
          "schema_version": 0,
          "attributes": {
            "created_at": "2021-06-01T16:22:29.749Z",
            "id": "02i7-361c0212-ebdc-4fb1-945e-f388e3c146bd",
            "members": [
              {
                "address": "130.198.21.149",
                "private_address": "10.245.64.4",
                "role": "active",
                "status": "available"
              },
              {
                "address": "130.198.17.150",
                "private_address": "10.245.64.5",
                "role": "active",
                "status": "available"
              }
            ],
            "mode": "route",
            "name": "slz-rg-vpc-vpn02",
            "private_ip_address": "10.245.64.4",
            "private_ip_address2": "10.245.64.5",
            "public_ip_address": "130.198.21.149",
            "public_ip_address2": "130.198.17.150",
            "resource_controller_url": "https://cloud.ibm.com/vpc/network/vpngateways",
            "resource_crn": "crn:v1:bluemix:public:is:au-syd:a/ad5d072102214f4395eab22f03bbb2f9::vpn:02i7-361c0212-ebdc-4fb1-945e-f388e3c146bd",
            "resource_group": "b169865274a34867a6838ac6823ae504",
            "resource_group_name": "slz-rg",
            "resource_name": "slz-rg-vpc-vpn02",
            "resource_status": "available",
            "status": "available",
            "subnet": "02i7-72993021-f9a3-476f-ba04-ba469a6f4663",
            "tags": [],
            "timeouts": null
          },
          "sensitive_attributes": [],
          "private": "eyJlMmJmYjczMC1lY2FhLTExZTYtOGY4OC0zNDM2M2JjN2M0YzAiOnsiY3JlYXRlIjo2MDAwMDAwMDAwMDAsImRlbGV0ZSI6NjAwMDAwMDAwMDAwfX0=",
          "dependencies": [
            "module.resource_group.data.ibm_resource_group.resource_group",
            "module.resource_group.ibm_resource_group.resource_group",
            "module.subnets.data.ibm_is_subnet.vpc_subnet",
            "module.subnets.data.ibm_is_vpc.vpc",
            "module.subnets.ibm_is_network_acl.subnet_acl",
            "module.subnets.ibm_is_subnet.vpc_subnets",
            "module.subnets.null_resource.print_names",
            "module.vpc.ibm_is_vpc.vpc",
            "module.vpc.ibm_is_vpc_address_prefix.cidr_prefix"
          ]
        }
      ]
    }
  ]
}
